// !$*UTF8*$!
{
	archiveVersion = 1;
	classes = {
	};
	objectVersion = 46;
	objects = {

/* Begin PBXBuildFile section */
		32866D341E5CC0A200EB096E /* AppDelegate.swift in Sources */ = {isa = PBXBuildFile; fileRef = 32866D331E5CC0A200EB096E /* AppDelegate.swift */; };
		32866D361E5CC0A200EB096E /* ViewController.swift in Sources */ = {isa = PBXBuildFile; fileRef = 32866D351E5CC0A200EB096E /* ViewController.swift */; };
		32866D391E5CC0A200EB096E /* Main.storyboard in Resources */ = {isa = PBXBuildFile; fileRef = 32866D371E5CC0A200EB096E /* Main.storyboard */; };
		32866D3B1E5CC0A200EB096E /* Assets.xcassets in Resources */ = {isa = PBXBuildFile; fileRef = 32866D3A1E5CC0A200EB096E /* Assets.xcassets */; };
		32866D3E1E5CC0A200EB096E /* LaunchScreen.storyboard in Resources */ = {isa = PBXBuildFile; fileRef = 32866D3C1E5CC0A200EB096E /* LaunchScreen.storyboard */; };
/* End PBXBuildFile section */

/* Begin PBXFileReference section */
		32866D301E5CC0A200EB096E /* countryApp.app */ = {isa = PBXFileReference; explicitFileType = wrapper.application; includeInIndex = 0; path = countryApp.app; sourceTree = BUILT_PRODUCTS_DIR; };
		32866D331E5CC0A200EB096E /* AppDelegate.swift */ = {isa = PBXFileReference; lastKnownFileType = sourcecode.swift; path = AppDelegate.swift; sourceTree = "<group>"; };
		32866D351E5CC0A200EB096E /* ViewController.swift */ = {isa = PBXFileReference; lastKnownFileType = sourcecode.swift; path = ViewController.swift; sourceTree = "<group>"; };
		32866D381E5CC0A200EB096E /* Base */ = {isa = PBXFileReference; lastKnownFileType = file.storyboard; name = Base; path = Base.lproj/Main.storyboard; sourceTree = "<group>"; };
		32866D3A1E5CC0A200EB096E /* Assets.xcassets */ = {isa = PBXFileReference; lastKnownFileType = folder.assetcatalog; path = Assets.xcassets; sourceTree = "<group>"; };
		32866D3D1E5CC0A200EB096E /* Base */ = {isa = PBXFileReference; lastKnownFileType = file.storyboard; name = Base; path = Base.lproj/LaunchScreen.storyboard; sourceTree = "<group>"; };
		32866D3F1E5CC0A200EB096E /* Info.plist */ = {isa = PBXFileReference; lastKnownFileType = text.plist.xml; path = Info.plist; sourceTree = "<group>"; };
/* End PBXFileReference section */

/* Begin PBXFrameworksBuildPhase section */
		32866D2D1E5CC0A200EB096E /* Frameworks */ = {
			isa = PBXFrameworksBuildPhase;
			buildActionMask = 2147483647;
			files = (
			);
			runOnlyForDeploymentPostprocessing = 0;
		};
/* End PBXFrameworksBuildPhase section */

/* Begin PBXGroup section */
		32866D271E5CC0A200EB096E = {
			isa = PBXGroup;
			children = (
				32866D321E5CC0A200EB096E /* countryApp */,
				32866D311E5CC0A200EB096E /* Products */,
			);
			sourceTree = "<group>";
		};
		32866D311E5CC0A200EB096E /* Products */ = {
			isa = PBXGroup;
			children = (
				32866D301E5CC0A200EB096E /* countryApp.app */,
			);
			name = Products;
			sourceTree = "<group>";
		};
		32866D321E5CC0A200EB096E /* countryApp */ = {
			isa = PBXGroup;
			children = (
				32866D331E5CC0A200EB096E /* AppDelegate.swift */,
				32866D351E5CC0A200EB096E /* ViewController.swift */,
				32866D371E5CC0A200EB096E /* Main.storyboard */,
				32866D3A1E5CC0A200EB096E /* Assets.xcassets */,
				32866D3C1E5CC0A200EB096E /* LaunchScreen.storyboard */,
				32866D3F1E5CC0A200EB096E /* Info.plist */,
			);
			path = countryApp;
			sourceTree = "<group>";
		};
/* End PBXGroup section */

/* Begin PBXNativeTarget section */
		32866D2F1E5CC0A200EB096E /* countryApp */ = {
			isa = PBXNativeTarget;
			buildConfigurationList = 32866D421E5CC0A200EB096E /* Build configuration list for PBXNativeTarget "countryApp" */;
			buildPhases = (
				32866D2C1E5CC0A200EB096E /* Sources */,
				32866D2D1E5CC0A200EB096E /* Frameworks */,
				32866D2E1E5CC0A200EB096E /* Resources */,
			);
			buildRules = (
			);
			dependencies = (
			);
			name = countryApp;
			productName = countryApp;
			productReference = 32866D301E5CC0A200EB096E /* countryApp.app */;
			productType = "com.apple.product-type.application";
		};
/* End PBXNativeTarget section */

/* Begin PBXProject section */
		32866D281E5CC0A200EB096E /* Project object */ = {
			isa = PBXProject;
			attributes = {
				LastSwiftUpdateCheck = 0810;
				LastUpgradeCheck = 0810;
				ORGANIZATIONNAME = "Vinoth Sridharan";
				TargetAttributes = {
					32866D2F1E5CC0A200EB096E = {
						CreatedOnToolsVersion = 8.1;
						ProvisioningStyle = Automatic;
					};
				};
			};
			buildConfigurationList = 32866D2B1E5CC0A200EB096E /* Build configuration list for PBXProject "countryApp" */;
			compatibilityVersion = "Xcode 3.2";
			developmentRegion = English;
			hasScannedForEncodings = 0;
			knownRegions = (
				en,
				Base,
			);
			mainGroup = 32866D271E5CC0A200EB096E;
			productRefGroup = 32866D311E5CC0A200EB096E /* Products */;
			projectDirPath = "";
			projectRoot = "";
			targets = (
				32866D2F1E5CC0A200EB096E /* countryApp */,
			);
		};
/* End PBXProject section */

/* Begin PBXResourcesBuildPhase section */
		32866D2E1E5CC0A200EB096E /* Resources */ = {
			isa = PBXResourcesBuildPhase;
			buildActionMask = 2147483647;
			files = (
				32866D3E1E5CC0A200EB096E /* LaunchScreen.storyboard in Resources */,
				32866D3B1E5CC0A200EB096E /* Assets.xcassets in Resources */,
				32866D391E5CC0A200EB096E /* Main.storyboard in Resources */,
			);
			runOnlyForDeploymentPostprocessing = 0;
		};
/* End PBXResourcesBuildPhase section */

/* Begin PBXSourcesBuildPhase section */
		32866D2C1E5CC0A200EB096E /* Sources */ = {
			isa = PBXSourcesBuildPhase;
			buildActionMask = 2147483647;
			files = (
				32866D361E5CC0A200EB096E /* ViewController.swift in Sources */,
				32866D341E5CC0A200EB096E /* AppDelegate.swift in Sources */,
			);
			runOnlyForDeploymentPostprocessing = 0;
		};
/* End PBXSourcesBuildPhase section */

/* Begin PBXVariantGroup section */
		32866D371E5CC0A200EB096E /* Main.storyboard */ = {
			isa = PBXVariantGroup;
			children = (
				32866D381E5CC0A200EB096E /* Base */,
			);
			name = Main.storyboard;
			sourceTree = "<group>";
		};
		32866D3C1E5CC0A200EB096E /* LaunchScreen.storyboard */ = {
			isa = PBXVariantGroup;
			children = (
				32866D3D1E5CC0A200EB096E /* Base */,
			);
			name = LaunchScreen.storyboard;
			sourceTree = "<group>";
		};
/* End PBXVariantGroup section */

/* Begin XCBuildConfiguration section */
		32866D401E5CC0A200EB096E /* Debug */ = {
			isa = XCBuildConfiguration;
			buildSettings = {
				ALWAYS_SEARCH_USER_PATHS = NO;
				CLANG_ANALYZER_NONNULL = YES;
				CLANG_CXX_LANGUAGE_STANDARD = "gnu++0x";
				CLANG_CXX_LIBRARY = "libc++";
				CLANG_ENABLE_MODULES = YES;
				CLANG_ENABLE_OBJC_ARC = YES;
				CLANG_WARN_BOOL_CONVERSION = YES;
				CLANG_WARN_CONSTANT_CONVERSION = YES;
				CLANG_WARN_DIRECT_OBJC_ISA_USAGE = YES_ERROR;
				CLANG_WARN_DOCUMENTATION_COMMENTS = YES;
				CLANG_WARN_EMPTY_BODY = YES;
				CLANG_WARN_ENUM_CONVERSION = YES;
				CLANG_WARN_INFINITE_RECURSION = YES;
				CLANG_WARN_INT_CONVERSION = YES;
				CLANG_WARN_OBJC_ROOT_CLASS = YES_ERROR;
				CLANG_WARN_SUSPICIOUS_MOVES = YES;
				CLANG_WARN_UNREACHABLE_CODE = YES;
				CLANG_WARN__DUPLICATE_METHOD_MATCH = YES;
				"CODE_SIGN_IDENTITY[sdk=iphoneos*]" = "iPhone Developer";
				COPY_PHASE_STRIP = NO;
				DEBUG_INFORMATION_FORMAT = dwarf;
				ENABLE_STRICT_OBJC_MSGSEND = YES;
				ENABLE_TESTABILITY = YES;
				GCC_C_LANGUAGE_STANDARD = gnu99;
				GCC_DYNAMIC_NO_PIC = NO;
				GCC_NO_COMMON_BLOCKS = YES;
				GCC_OPTIMIZATION_LEVEL = 0;
				GCC_PREPROCESSOR_DEFINITIONS = (
					"DEBUG=1",
					"$(inherited)",
				);
				GCC_WARN_64_TO_32_BIT_CONVERSION = YES;
				GCC_WARN_ABOUT_RETURN_TYPE = YES_ERROR;
				GCC_WARN_UNDECLARED_SELECTOR = YES;
				GCC_WARN_UNINITIALIZED_AUTOS = YES_AGGRESSIVE;
				GCC_WARN_UNUSED_FUNCTION = YES;
				GCC_WARN_UNUSED_VARIABLE = YES;
				IPHONEOS_DEPLOYMENT_TARGET = 10.1;
				MTL_ENABLE_DEBUG_INFO = YES;
				ONLY_ACTIVE_ARCH = YES;
				SDKROOT = iphoneos;
				SWIFT_ACTIVE_COMPILATION_CONDITIONS = DEBUG;
				SWIFT_OPTIMIZATION_LEVEL = "-Onone";
			};
			name = Debug;
		};
		32866D411E5CC0A200EB096E /* Release */ = {
			isa = XCBuildConfiguration;
			buildSettings = {
				ALWAYS_SEARCH_USER_PATHS = NO;
				CLANG_ANALYZER_NONNULL = YES;
				CLANG_CXX_LANGUAGE_STANDARD = "gnu++0x";
				CLANG_CXX_LIBRARY = "libc++";
				CLANG_ENABLE_MODULES = YES;
				CLANG_ENABLE_OBJC_ARC = YES;
				CLANG_WARN_BOOL_CONVERSION = YES;
				CLANG_WARN_CONSTANT_CONVERSION = YES;
				CLANG_WARN_DIRECT_OBJC_ISA_USAGE = YES_ERROR;
				CLANG_WARN_DOCUMENTATION_COMMENTS = YES;
				CLANG_WARN_EMPTY_BODY = YES;
				CLANG_WARN_ENUM_CONVERSION = YES;
				CLANG_WARN_INFINITE_RECURSION = YES;
				CLANG_WARN_INT_CONVERSION = YES;
				CLANG_WARN_OBJC_ROOT_CLASS = YES_ERROR;
				CLANG_WARN_SUSPICIOUS_MOVES = YES;
				CLANG_WARN_UNREACHABLE_CODE = YES;
				CLANG_WARN__DUPLICATE_METHOD_MATCH = YES;
				"CODE_SIGN_IDENTITY[sdk=iphoneos*]" = "iPhone Developer";
				COPY_PHASE_STRIP = NO;
				DEBUG_INFORMATION_FORMAT = "dwarf-with-dsym";
				ENABLE_NS_ASSERTIONS = NO;
				ENABLE_STRICT_OBJC_MSGSEND = YES;
				GCC_C_LANGUAGE_STANDARD = gnu99;
				GCC_NO_COMMON_BLOCKS = YES;
				GCC_WARN_64_TO_32_BIT_CONVERSION = YES;
				GCC_WARN_ABOUT_RETURN_TYPE = YES_ERROR;
				GCC_WARN_UNDECLARED_SELECTOR = YES;
				GCC_WARN_UNINITIALIZED_AUTOS = YES_AGGRESSIVE;
				GCC_WARN_UNUSED_FUNCTION = YES;
				GCC_WARN_UNUSED_VARIABLE = YES;
				IPHONEOS_DEPLOYMENT_TARGET = 10.1;
				MTL_ENABLE_DEBUG_INFO = NO;
				SDKROOT = iphoneos;
				SWIFT_OPTIMIZATION_LEVEL = "-Owholemodule";
				VALIDATE_PRODUCT = YES;
			};
			name = Release;
		};
		32866D431E5CC0A200EB096E /* Debug */ = {
			isa = XCBuildConfiguration;
			buildSettings = {
				ASSETCATALOG_COMPILER_APPICON_NAME = AppIcon;
				INFOPLIST_FILE = countryApp/Info.plist;
				LD_RUNPATH_SEARCH_PATHS = "$(inherited) @executable_path/Frameworks";
				PRODUCT_BUNDLE_IDENTIFIER = com.vsprojects.countryApp;
				PRODUCT_NAME = "$(TARGET_NAME)";
				SWIFT_VERSION = 3.0;
			};
			name = Debug;
		};
		32866D441E5CC0A200EB096E /* Release */ = {
			isa = XCBuildConfiguration;
			buildSettings = {
				ASSETCATALOG_COMPILER_APPICON_NAME = AppIcon;
				INFOPLIST_FILE = countryApp/Info.plist;
				LD_RUNPATH_SEARCH_PATHS = "$(inherited) @executable_path/Frameworks";
				PRODUCT_BUNDLE_IDENTIFIER = com.vsprojects.countryApp;
				PRODUCT_NAME = "$(TARGET_NAME)";
				SWIFT_VERSION = 3.0;
			};
			name = Release;
		};
/* End XCBuildConfiguration section */

/* Begin XCConfigurationList section */
		32866D2B1E5CC0A200EB096E /* Build configuration list for PBXProject "countryApp" */ = {
			isa = XCConfigurationList;
			buildConfigurations = (
				32866D401E5CC0A200EB096E /* Debug */,
				32866D411E5CC0A200EB096E /* Release */,
			);
			defaultConfigurationIsVisible = 0;
			defaultConfigurationName = Release;
		};
		32866D421E5CC0A200EB096E /* Build configuration list for PBXNativeTarget "countryApp" */ = {
			isa = XCConfigurationList;
			buildConfigurations = (
				32866D431E5CC0A200EB096E /* Debug */,
				32866D441E5CC0A200EB096E /* Release */,
			);
			defaultConfigurationIsVisible = 0;
		};
/* End XCConfigurationList section */
	};
	rootObject = 32866D281E5CC0A200EB096E /* Project object */;
}
